
Microsoft Visual Studio Solution File, Format Version 12.00
# Visual Studio Version 16
VisualStudioVersion = 16.0.29230.47
MinimumVisualStudioVersion = 10.0.40219.1
Project("{9A19103F-16F7-4668-BE54-9A1E7A4F7556}") = "UserES", "UserES\UserES.csproj", "{88A7F29F-4A0B-4E6E-A47E-B75CABB2DA83}"
EndProject
Project("{FAE04EC0-301F-11D3-BF4B-00C04F79EFBC}") = "CatalogES", "CatalogES\CatalogES.csproj", "{A99ECA01-593E-4CA5-855F-B5AAA20E6BFD}"
EndProject
Global
	GlobalSection(SolutionConfigurationPlatforms) = preSolution
		Debug|Any CPU = Debug|Any CPU
		Release|Any CPU = Release|Any CPU
	EndGlobalSection
	GlobalSection(ProjectConfigurationPlatforms) = postSolution
		{88A7F29F-4A0B-4E6E-A47E-B75CABB2DA83}.Debug|Any CPU.ActiveCfg = Debug|Any CPU
		{88A7F29F-4A0B-4E6E-A47E-B75CABB2DA83}.Debug|Any CPU.Build.0 = Debug|Any CPU
		{88A7F29F-4A0B-4E6E-A47E-B75CABB2DA83}.Release|Any CPU.ActiveCfg = Release|Any CPU
		{88A7F29F-4A0B-4E6E-A47E-B75CABB2DA83}.Release|Any CPU.Build.0 = Release|Any CPU
		{A99ECA01-593E-4CA5-855F-B5AAA20E6BFD}.Debug|Any CPU.ActiveCfg = Debug|Any CPU
		{A99ECA01-593E-4CA5-855F-B5AAA20E6BFD}.Debug|Any CPU.Build.0 = Debug|Any CPU
		{A99ECA01-593E-4CA5-855F-B5AAA20E6BFD}.Release|Any CPU.ActiveCfg = Release|Any CPU
		{A99ECA01-593E-4CA5-855F-B5AAA20E6BFD}.Release|Any CPU.Build.0 = Release|Any CPU
	EndGlobalSection
	GlobalSection(SolutionProperties) = preSolution
		HideSolutionNode = FALSE
	EndGlobalSection
	GlobalSection(ExtensibilityGlobals) = postSolution
		SolutionGuid = {B01C6C38-675B-4909-BD87-74B60FD6E8E6}
	EndGlobalSection
EndGlobal
